
Microsoft Visual Studio Solution File, Format Version 12.00
# Visual Studio Version 17
VisualStudioVersion = 17.6.33712.159
MinimumVisualStudioVersion = 10.0.40219.1
Project("{FAE04EC0-301F-11D3-BF4B-00C04F79EFBC}") = "WebApi_D1M", "WebApi_D1M.csproj", "{41D9E2FC-D492-4EE3-B0E5-906B6F3A9250}"
EndProject
Global
	GlobalSection(SolutionConfigurationPlatforms) = preSolution
		Debug|Any CPU = Debug|Any CPU
		Release|Any CPU = Release|Any CPU
	EndGlobalSection
	GlobalSection(ProjectConfigurationPlatforms) = postSolution
		{41D9E2FC-D492-4EE3-B0E5-906B6F3A9250}.Debug|Any CPU.ActiveCfg = Debug|Any CPU
		{41D9E2FC-D492-4EE3-B0E5-906B6F3A9250}.Debug|Any CPU.Build.0 = Debug|Any CPU
		{41D9E2FC-D492-4EE3-B0E5-906B6F3A9250}.Release|Any CPU.ActiveCfg = Release|Any CPU
		{41D9E2FC-D492-4EE3-B0E5-906B6F3A9250}.Release|Any CPU.Build.0 = Release|Any CPU
	EndGlobalSection
	GlobalSection(SolutionProperties) = preSolution
		HideSolutionNode = FALSE
	EndGlobalSection
	GlobalSection(ExtensibilityGlobals) = postSolution
		SolutionGuid = {5757AD8F-C8B5-40F7-8718-342D3E1DB48A}
	EndGlobalSection
EndGlobal
